
Microsoft Visual Studio Solution File, Format Version 12.00
# Visual Studio Version 16
VisualStudioVersion = 16.0.31515.178
MinimumVisualStudioVersion = 10.0.40219.1
Project("{FAE04EC0-301F-11D3-BF4B-00C04F79EFBC}") = "JsonWebTokenAuthentication", "JsonWebTokenAuthentication\JsonWebTokenAuthentication.csproj", "{548727A3-2278-4C97-B395-BA653A34517E}"
EndProject
Global
	GlobalSection(SolutionConfigurationPlatforms) = preSolution
		Debug|Any CPU = Debug|Any CPU
		Release|Any CPU = Release|Any CPU
	EndGlobalSection
	GlobalSection(ProjectConfigurationPlatforms) = postSolution
		{548727A3-2278-4C97-B395-BA653A34517E}.Debug|Any CPU.ActiveCfg = Debug|Any CPU
		{548727A3-2278-4C97-B395-BA653A34517E}.Debug|Any CPU.Build.0 = Debug|Any CPU
		{548727A3-2278-4C97-B395-BA653A34517E}.Release|Any CPU.ActiveCfg = Release|Any CPU
		{548727A3-2278-4C97-B395-BA653A34517E}.Release|Any CPU.Build.0 = Release|Any CPU
	EndGlobalSection
	GlobalSection(SolutionProperties) = preSolution
		HideSolutionNode = FALSE
	EndGlobalSection
	GlobalSection(ExtensibilityGlobals) = postSolution
		SolutionGuid = {E3140A36-7828-4347-B365-C5D9D84156C0}
	EndGlobalSection
EndGlobal
